schema: '2.0'
stages:
  prepare:
    cmd: python src/prepare.py data/data.xml
    deps:
    - path: data/data.xml
      hash: md5
      md5: 32c6c0a02dba2dec3b2cbee3efeec0ad
      size: 153
    - path: src/prepare.py
      hash: md5
      md5: f54d670ac8a4f63206781fc31d1f2651
      size: 2231
    params:
      params.yaml:
        prepare.seed: 20170428
        prepare.split: 0.2
    outs:
    - path: data/prepared
      hash: md5
      md5: 6652640f2cde8646134c9b5cdfb4583f.dir
      size: 0
      nfiles: 2
